
Microsoft Visual Studio Solution File, Format Version 12.00
# Visual Studio 2013
VisualStudioVersion = 12.0.21005.1
MinimumVisualStudioVersion = 10.0.40219.1
Project("{FAE04EC0-301F-11D3-BF4B-00C04F79EFBC}") = "Rlkt_LauncherLibServer", "Rlkt_LauncherLibServer\Rlkt_LauncherLibServer.csproj", "{D48EC8A3-D0A2-4CE0-ADA6-B6FB0C08150C}"
EndProject
Project("{FAE04EC0-301F-11D3-BF4B-00C04F79EFBC}") = "LauncherApp", "LauncherApp\LauncherApp.csproj", "{F744F415-9A34-4CC8-A7C8-BCB9B85B13D3}"
EndProject
Project("{FAE04EC0-301F-11D3-BF4B-00C04F79EFBC}") = "Packets", "Packets\Packets.csproj", "{C9454669-6B91-437C-9DC8-B8A7E381DDFC}"
EndProject
Project("{2150E333-8FDC-42A3-9474-1A3956D46DE8}") = "Server", "Server", "{3AB9664D-DE84-4E87-B988-F9345F68D539}"
EndProject
Project("{2150E333-8FDC-42A3-9474-1A3956D46DE8}") = "Common", "Common", "{64FE1539-1B6A-4404-BB9D-8D0FCFD30733}"
EndProject
Project("{2150E333-8FDC-42A3-9474-1A3956D46DE8}") = "Client", "Client", "{0E31C4B2-4717-4243-AE53-CB0BB1B5C87B}"
EndProject
Project("{FAE04EC0-301F-11D3-BF4B-00C04F79EFBC}") = "RlktXmlData", "RlktXmlData\RlktXmlData.csproj", "{C5F24F3C-98A1-415C-B5A7-494488C3A434}"
EndProject
Project("{FAE04EC0-301F-11D3-BF4B-00C04F79EFBC}") = "LauncherData", "LauncherData\LauncherData.csproj", "{ADFF56E8-0CCC-40BF-B9D0-E28D45876027}"
EndProject
Project("{FAE04EC0-301F-11D3-BF4B-00C04F79EFBC}") = "Enums", "Enums\Enums.csproj", "{DE3A6B3D-2AC1-4A69-8B73-2D17316B9F78}"
EndProject
Project("{FAE04EC0-301F-11D3-BF4B-00C04F79EFBC}") = "Functions", "Functions\Functions.csproj", "{F8867150-64B2-4F52-9498-8296F72799DF}"
EndProject
Project("{2150E333-8FDC-42A3-9474-1A3956D46DE8}") = "Libs", "Libs", "{8EED8FF4-8156-448C-AB25-9D3DB0DAC8F6}"
EndProject
Project("{FAE04EC0-301F-11D3-BF4B-00C04F79EFBC}") = "LauncherResources", "LauncherResources\LauncherResources.csproj", "{3CEC431B-A9D0-43DD-9A1B-32A10D6DCBF2}"
EndProject
Global
	GlobalSection(SolutionConfigurationPlatforms) = preSolution
		Debug|Any CPU = Debug|Any CPU
		Release|Any CPU = Release|Any CPU
		Signed|Any CPU = Signed|Any CPU
	EndGlobalSection
	GlobalSection(ProjectConfigurationPlatforms) = postSolution
		{D48EC8A3-D0A2-4CE0-ADA6-B6FB0C08150C}.Debug|Any CPU.ActiveCfg = Debug|Any CPU
		{D48EC8A3-D0A2-4CE0-ADA6-B6FB0C08150C}.Debug|Any CPU.Build.0 = Debug|Any CPU
		{D48EC8A3-D0A2-4CE0-ADA6-B6FB0C08150C}.Release|Any CPU.ActiveCfg = Release|Any CPU
		{D48EC8A3-D0A2-4CE0-ADA6-B6FB0C08150C}.Release|Any CPU.Build.0 = Release|Any CPU
		{D48EC8A3-D0A2-4CE0-ADA6-B6FB0C08150C}.Signed|Any CPU.ActiveCfg = Release|Any CPU
		{D48EC8A3-D0A2-4CE0-ADA6-B6FB0C08150C}.Signed|Any CPU.Build.0 = Release|Any CPU
		{F744F415-9A34-4CC8-A7C8-BCB9B85B13D3}.Debug|Any CPU.ActiveCfg = Debug|Any CPU
		{F744F415-9A34-4CC8-A7C8-BCB9B85B13D3}.Debug|Any CPU.Build.0 = Debug|Any CPU
		{F744F415-9A34-4CC8-A7C8-BCB9B85B13D3}.Release|Any CPU.ActiveCfg = Release|Any CPU
		{F744F415-9A34-4CC8-A7C8-BCB9B85B13D3}.Release|Any CPU.Build.0 = Release|Any CPU
		{F744F415-9A34-4CC8-A7C8-BCB9B85B13D3}.Signed|Any CPU.ActiveCfg = Release|Any CPU
		{F744F415-9A34-4CC8-A7C8-BCB9B85B13D3}.Signed|Any CPU.Build.0 = Release|Any CPU
		{C9454669-6B91-437C-9DC8-B8A7E381DDFC}.Debug|Any CPU.ActiveCfg = Debug|Any CPU
		{C9454669-6B91-437C-9DC8-B8A7E381DDFC}.Debug|Any CPU.Build.0 = Debug|Any CPU
		{C9454669-6B91-437C-9DC8-B8A7E381DDFC}.Release|Any CPU.ActiveCfg = Release|Any CPU
		{C9454669-6B91-437C-9DC8-B8A7E381DDFC}.Release|Any CPU.Build.0 = Release|Any CPU
		{C9454669-6B91-437C-9DC8-B8A7E381DDFC}.Signed|Any CPU.ActiveCfg = Release|Any CPU
		{C9454669-6B91-437C-9DC8-B8A7E381DDFC}.Signed|Any CPU.Build.0 = Release|Any CPU
		{C5F24F3C-98A1-415C-B5A7-494488C3A434}.Debug|Any CPU.ActiveCfg = Debug|Any CPU
		{C5F24F3C-98A1-415C-B5A7-494488C3A434}.Debug|Any CPU.Build.0 = Debug|Any CPU
		{C5F24F3C-98A1-415C-B5A7-494488C3A434}.Release|Any CPU.ActiveCfg = Release|Any CPU
		{C5F24F3C-98A1-415C-B5A7-494488C3A434}.Release|Any CPU.Build.0 = Release|Any CPU
		{C5F24F3C-98A1-415C-B5A7-494488C3A434}.Signed|Any CPU.ActiveCfg = Release|Any CPU
		{C5F24F3C-98A1-415C-B5A7-494488C3A434}.Signed|Any CPU.Build.0 = Release|Any CPU
		{ADFF56E8-0CCC-40BF-B9D0-E28D45876027}.Debug|Any CPU.ActiveCfg = Debug|Any CPU
		{ADFF56E8-0CCC-40BF-B9D0-E28D45876027}.Debug|Any CPU.Build.0 = Debug|Any CPU
		{ADFF56E8-0CCC-40BF-B9D0-E28D45876027}.Release|Any CPU.ActiveCfg = Release|Any CPU
		{ADFF56E8-0CCC-40BF-B9D0-E28D45876027}.Release|Any CPU.Build.0 = Release|Any CPU
		{ADFF56E8-0CCC-40BF-B9D0-E28D45876027}.Signed|Any CPU.ActiveCfg = Release|Any CPU
		{ADFF56E8-0CCC-40BF-B9D0-E28D45876027}.Signed|Any CPU.Build.0 = Release|Any CPU
		{DE3A6B3D-2AC1-4A69-8B73-2D17316B9F78}.Debug|Any CPU.ActiveCfg = Debug|Any CPU
		{DE3A6B3D-2AC1-4A69-8B73-2D17316B9F78}.Debug|Any CPU.Build.0 = Debug|Any CPU
		{DE3A6B3D-2AC1-4A69-8B73-2D17316B9F78}.Release|Any CPU.ActiveCfg = Release|Any CPU
		{DE3A6B3D-2AC1-4A69-8B73-2D17316B9F78}.Release|Any CPU.Build.0 = Release|Any CPU
		{DE3A6B3D-2AC1-4A69-8B73-2D17316B9F78}.Signed|Any CPU.ActiveCfg = Release|Any CPU
		{DE3A6B3D-2AC1-4A69-8B73-2D17316B9F78}.Signed|Any CPU.Build.0 = Release|Any CPU
		{F8867150-64B2-4F52-9498-8296F72799DF}.Debug|Any CPU.ActiveCfg = Debug|Any CPU
		{F8867150-64B2-4F52-9498-8296F72799DF}.Debug|Any CPU.Build.0 = Debug|Any CPU
		{F8867150-64B2-4F52-9498-8296F72799DF}.Release|Any CPU.ActiveCfg = Release|Any CPU
		{F8867150-64B2-4F52-9498-8296F72799DF}.Release|Any CPU.Build.0 = Release|Any CPU
		{F8867150-64B2-4F52-9498-8296F72799DF}.Signed|Any CPU.ActiveCfg = Release|Any CPU
		{F8867150-64B2-4F52-9498-8296F72799DF}.Signed|Any CPU.Build.0 = Release|Any CPU
		{3CEC431B-A9D0-43DD-9A1B-32A10D6DCBF2}.Debug|Any CPU.ActiveCfg = Debug|Any CPU
		{3CEC431B-A9D0-43DD-9A1B-32A10D6DCBF2}.Debug|Any CPU.Build.0 = Debug|Any CPU
		{3CEC431B-A9D0-43DD-9A1B-32A10D6DCBF2}.Release|Any CPU.ActiveCfg = Release|Any CPU
		{3CEC431B-A9D0-43DD-9A1B-32A10D6DCBF2}.Release|Any CPU.Build.0 = Release|Any CPU
		{3CEC431B-A9D0-43DD-9A1B-32A10D6DCBF2}.Signed|Any CPU.ActiveCfg = Release|Any CPU
		{3CEC431B-A9D0-43DD-9A1B-32A10D6DCBF2}.Signed|Any CPU.Build.0 = Release|Any CPU
	EndGlobalSection
	GlobalSection(SolutionProperties) = preSolution
		HideSolutionNode = FALSE
	EndGlobalSection
	GlobalSection(NestedProjects) = preSolution
		{D48EC8A3-D0A2-4CE0-ADA6-B6FB0C08150C} = {3AB9664D-DE84-4E87-B988-F9345F68D539}
		{F744F415-9A34-4CC8-A7C8-BCB9B85B13D3} = {0E31C4B2-4717-4243-AE53-CB0BB1B5C87B}
		{ADFF56E8-0CCC-40BF-B9D0-E28D45876027} = {0E31C4B2-4717-4243-AE53-CB0BB1B5C87B}
		{3CEC431B-A9D0-43DD-9A1B-32A10D6DCBF2} = {0E31C4B2-4717-4243-AE53-CB0BB1B5C87B}
		{C9454669-6B91-437C-9DC8-B8A7E381DDFC} = {64FE1539-1B6A-4404-BB9D-8D0FCFD30733}
		{C5F24F3C-98A1-415C-B5A7-494488C3A434} = {64FE1539-1B6A-4404-BB9D-8D0FCFD30733}
		{DE3A6B3D-2AC1-4A69-8B73-2D17316B9F78} = {64FE1539-1B6A-4404-BB9D-8D0FCFD30733}
		{F8867150-64B2-4F52-9498-8296F72799DF} = {64FE1539-1B6A-4404-BB9D-8D0FCFD30733}
	EndGlobalSection
EndGlobal
